
Microsoft Visual Studio Solution File, Format Version 12.00
# Visual Studio Version 16
VisualStudioVersion = 16.0.31729.503
MinimumVisualStudioVersion = 10.0.40219.1
Project("{FAE04EC0-301F-11D3-BF4B-00C04F79EFBC}") = "Practice1_XML.Tests", "Practice1_XML.Tests\Practice1_XML.Tests.csproj", "{0A0E5C65-3EF5-478C-867E-D94D4717EEFE}"
EndProject
Project("{FAE04EC0-301F-11D3-BF4B-00C04F79EFBC}") = "Practice1_XML", "Practice1_XML\Practice1_XML.csproj", "{1E6936C9-7337-4722-888C-CD3EF749A71A}"
EndProject
Global
	GlobalSection(SolutionConfigurationPlatforms) = preSolution
		Debug|Any CPU = Debug|Any CPU
		Release|Any CPU = Release|Any CPU
	EndGlobalSection
	GlobalSection(ProjectConfigurationPlatforms) = postSolution
		{0A0E5C65-3EF5-478C-867E-D94D4717EEFE}.Debug|Any CPU.ActiveCfg = Debug|Any CPU
		{0A0E5C65-3EF5-478C-867E-D94D4717EEFE}.Debug|Any CPU.Build.0 = Debug|Any CPU
		{0A0E5C65-3EF5-478C-867E-D94D4717EEFE}.Release|Any CPU.ActiveCfg = Release|Any CPU
		{0A0E5C65-3EF5-478C-867E-D94D4717EEFE}.Release|Any CPU.Build.0 = Release|Any CPU
		{1E6936C9-7337-4722-888C-CD3EF749A71A}.Debug|Any CPU.ActiveCfg = Debug|Any CPU
		{1E6936C9-7337-4722-888C-CD3EF749A71A}.Debug|Any CPU.Build.0 = Debug|Any CPU
		{1E6936C9-7337-4722-888C-CD3EF749A71A}.Release|Any CPU.ActiveCfg = Release|Any CPU
		{1E6936C9-7337-4722-888C-CD3EF749A71A}.Release|Any CPU.Build.0 = Release|Any CPU
	EndGlobalSection
	GlobalSection(SolutionProperties) = preSolution
		HideSolutionNode = FALSE
	EndGlobalSection
	GlobalSection(ExtensibilityGlobals) = postSolution
		SolutionGuid = {33938C24-DCFD-4110-949A-AA0FD7EEE319}
	EndGlobalSection
EndGlobal
